
Microsoft Visual Studio Solution File, Format Version 12.00
Project("{FAE04EC0-301F-11D3-BF4B-00C04F79EFBC}") = "ConsoleApp", "ConsoleApp\ConsoleApp.csproj", "{A414A8C1-8E9D-4E42-9D80-A75E727AB50A}"
EndProject
Project("{FAE04EC0-301F-11D3-BF4B-00C04F79EFBC}") = "FuelStat", "FuelStat\FuelStat.csproj", "{EF7BCC95-D065-4B37-9CF9-BEAEC2BC81AF}"
EndProject
Global
	GlobalSection(SolutionConfigurationPlatforms) = preSolution
		Debug|Any CPU = Debug|Any CPU
		Release|Any CPU = Release|Any CPU
	EndGlobalSection
	GlobalSection(ProjectConfigurationPlatforms) = postSolution
		{A414A8C1-8E9D-4E42-9D80-A75E727AB50A}.Debug|Any CPU.ActiveCfg = Debug|Any CPU
		{A414A8C1-8E9D-4E42-9D80-A75E727AB50A}.Debug|Any CPU.Build.0 = Debug|Any CPU
		{A414A8C1-8E9D-4E42-9D80-A75E727AB50A}.Release|Any CPU.ActiveCfg = Release|Any CPU
		{A414A8C1-8E9D-4E42-9D80-A75E727AB50A}.Release|Any CPU.Build.0 = Release|Any CPU
		{EF7BCC95-D065-4B37-9CF9-BEAEC2BC81AF}.Debug|Any CPU.ActiveCfg = Debug|Any CPU
		{EF7BCC95-D065-4B37-9CF9-BEAEC2BC81AF}.Debug|Any CPU.Build.0 = Debug|Any CPU
		{EF7BCC95-D065-4B37-9CF9-BEAEC2BC81AF}.Release|Any CPU.ActiveCfg = Release|Any CPU
		{EF7BCC95-D065-4B37-9CF9-BEAEC2BC81AF}.Release|Any CPU.Build.0 = Release|Any CPU
	EndGlobalSection
EndGlobal
